// !$*UTF8*$!
{
	archiveVersion = 1;
	classes = {
	};
	objectVersion = 48;
	objects = {

/* Begin PBXBuildFile section */
		51418624D35294AB6862E73C /* Pods_jivecakeios.framework in Frameworks */ = {isa = PBXBuildFile; fileRef = 3EE08AA7665093BE5F1DF47D /* Pods_jivecakeios.framework */; };
		A01C5FDE1FEABAEA008584B6 /* Transaction.swift in Sources */ = {isa = PBXBuildFile; fileRef = A01C5FDD1FEABAEA008584B6 /* Transaction.swift */; };
		A01C5FE01FEABC89008584B6 /* Permission.swift in Sources */ = {isa = PBXBuildFile; fileRef = A01C5FDF1FEABC89008584B6 /* Permission.swift */; };
		A01DEAB31FF99A7C00FE6922 /* EntityAsset.swift in Sources */ = {isa = PBXBuildFile; fileRef = A01DEAB21FF99A7C00FE6922 /* EntityAsset.swift */; };
		A0285C0C1FE9FF7D001F82AD /* Auth0.plist in Resources */ = {isa = PBXBuildFile; fileRef = A0285C0B1FE9FF7D001F82AD /* Auth0.plist */; };
		A0285C0E1FEA0A19001F82AD /* QRCodeScannerViewController.swift in Sources */ = {isa = PBXBuildFile; fileRef = A0285C0D1FEA0A19001F82AD /* QRCodeScannerViewController.swift */; };
		A0285C101FEA0B2F001F82AD /* TransactionViewController.swift in Sources */ = {isa = PBXBuildFile; fileRef = A0285C0F1FEA0B2F001F82AD /* TransactionViewController.swift */; };
		A02F988A1FEAFAA0007B83F1 /* AnyError.swift in Sources */ = {isa = PBXBuildFile; fileRef = A02F98891FEAFAA0007B83F1 /* AnyError.swift */; };
		A02F988F1FEB00ED007B83F1 /* ApplicationStorage.swift in Sources */ = {isa = PBXBuildFile; fileRef = A02F988E1FEB00ED007B83F1 /* ApplicationStorage.swift */; };
		A02F98921FEB432E007B83F1 /* PermissionService.swift in Sources */ = {isa = PBXBuildFile; fileRef = A02F98911FEB432E007B83F1 /* PermissionService.swift */; };
		A02F98941FEB4543007B83F1 /* ApplicationState.swift in Sources */ = {isa = PBXBuildFile; fileRef = A02F98931FEB4543007B83F1 /* ApplicationState.swift */; };
		A02F98981FEB5E91007B83F1 /* Organization.swift in Sources */ = {isa = PBXBuildFile; fileRef = A02F98971FEB5E91007B83F1 /* Organization.swift */; };
		A02F989A1FEB5EA1007B83F1 /* Event.swift in Sources */ = {isa = PBXBuildFile; fileRef = A02F98991FEB5EA1007B83F1 /* Event.swift */; };
		A02F989C1FEB5EB2007B83F1 /* Item.swift in Sources */ = {isa = PBXBuildFile; fileRef = A02F989B1FEB5EB2007B83F1 /* Item.swift */; };
		A02F989E1FEB5ED1007B83F1 /* OrganizationService.swift in Sources */ = {isa = PBXBuildFile; fileRef = A02F989D1FEB5ED1007B83F1 /* OrganizationService.swift */; };
		A02F98A01FEB5F04007B83F1 /* OrganizationTree.swift in Sources */ = {isa = PBXBuildFile; fileRef = A02F989F1FEB5F04007B83F1 /* OrganizationTree.swift */; };
		A0738A261FF4971C005E063E /* JsonMappingService.swift in Sources */ = {isa = PBXBuildFile; fileRef = A0738A251FF4971C005E063E /* JsonMappingService.swift */; };
		A09CC9801FF55BCF004C138F /* PaymentProfile.swift in Sources */ = {isa = PBXBuildFile; fileRef = A09CC97F1FF55BCE004C138F /* PaymentProfile.swift */; };
		A09CC9821FF5659C004C138F /* UserData.swift in Sources */ = {isa = PBXBuildFile; fileRef = A09CC9811FF5659B004C138F /* UserData.swift */; };
		A09CC9841FF56E65004C138F /* ItemCountAmount.swift in Sources */ = {isa = PBXBuildFile; fileRef = A09CC9831FF56E65004C138F /* ItemCountAmount.swift */; };
		A09CC9861FF56EBC004C138F /* ItemTimeAmount.swift in Sources */ = {isa = PBXBuildFile; fileRef = A09CC9851FF56EBC004C138F /* ItemTimeAmount.swift */; };
		A0BD6E3D1FF82CDC00DD98F8 /* TransactionRow.swift in Sources */ = {isa = PBXBuildFile; fileRef = A0BD6E3C1FF82CDC00DD98F8 /* TransactionRow.swift */; };
		A0BD6E3F1FF82D4700DD98F8 /* TransactionService.swift in Sources */ = {isa = PBXBuildFile; fileRef = A0BD6E3E1FF82D4700DD98F8 /* TransactionService.swift */; };
		A0BD6E421FF8350000DD98F8 /* TransactionRowTableCell.swift in Sources */ = {isa = PBXBuildFile; fileRef = A0BD6E411FF8350000DD98F8 /* TransactionRowTableCell.swift */; };
		A0CCC9EF1FE9F8EA003B185B /* AppDelegate.swift in Sources */ = {isa = PBXBuildFile; fileRef = A0CCC9EE1FE9F8EA003B185B /* AppDelegate.swift */; };
		A0CCC9F11FE9F8EA003B185B /* AuthenticationViewController.swift in Sources */ = {isa = PBXBuildFile; fileRef = A0CCC9F01FE9F8EA003B185B /* AuthenticationViewController.swift */; };
		A0CCC9F41FE9F8EA003B185B /* Main.storyboard in Resources */ = {isa = PBXBuildFile; fileRef = A0CCC9F21FE9F8EA003B185B /* Main.storyboard */; };
		A0CCC9F61FE9F8EA003B185B /* Assets.xcassets in Resources */ = {isa = PBXBuildFile; fileRef = A0CCC9F51FE9F8EA003B185B /* Assets.xcassets */; };
		A0CCC9F91FE9F8EA003B185B /* LaunchScreen.storyboard in Resources */ = {isa = PBXBuildFile; fileRef = A0CCC9F71FE9F8EA003B185B /* LaunchScreen.storyboard */; };
/* End PBXBuildFile section */

/* Begin PBXContainerItemProxy section */
		A02859491FED9A6400F3CB5B /* PBXContainerItemProxy */ = {
			isa = PBXContainerItemProxy;
			containerPortal = A0CCC9E31FE9F8EA003B185B /* Project object */;
			proxyType = 1;
			remoteGlobalIDString = A0CCC9EA1FE9F8EA003B185B;
			remoteInfo = jivecakeios;
		};
/* End PBXContainerItemProxy section */

/* Begin PBXFileReference section */
		373E93107901920BA5572202 /* Pods-jivecakeios.debug.xcconfig */ = {isa = PBXFileReference; includeInIndex = 1; lastKnownFileType = text.xcconfig; name = "Pods-jivecakeios.debug.xcconfig"; path = "Pods/Target Support Files/Pods-jivecakeios/Pods-jivecakeios.debug.xcconfig"; sourceTree = "<group>"; };
		3EE08AA7665093BE5F1DF47D /* Pods_jivecakeios.framework */ = {isa = PBXFileReference; explicitFileType = wrapper.framework; includeInIndex = 0; path = Pods_jivecakeios.framework; sourceTree = BUILT_PRODUCTS_DIR; };
		92AED33B17305052994987B1 /* Pods-jivecakeios.release.xcconfig */ = {isa = PBXFileReference; includeInIndex = 1; lastKnownFileType = text.xcconfig; name = "Pods-jivecakeios.release.xcconfig"; path = "Pods/Target Support Files/Pods-jivecakeios/Pods-jivecakeios.release.xcconfig"; sourceTree = "<group>"; };
		A01C5FDD1FEABAEA008584B6 /* Transaction.swift */ = {isa = PBXFileReference; lastKnownFileType = sourcecode.swift; path = Transaction.swift; sourceTree = "<group>"; };
		A01C5FDF1FEABC89008584B6 /* Permission.swift */ = {isa = PBXFileReference; lastKnownFileType = sourcecode.swift; path = Permission.swift; sourceTree = "<group>"; };
		A01DEAB21FF99A7C00FE6922 /* EntityAsset.swift */ = {isa = PBXFileReference; lastKnownFileType = sourcecode.swift; path = EntityAsset.swift; sourceTree = "<group>"; };
		A0285C0B1FE9FF7D001F82AD /* Auth0.plist */ = {isa = PBXFileReference; lastKnownFileType = text.plist.xml; path = Auth0.plist; sourceTree = "<group>"; };
		A0285C0D1FEA0A19001F82AD /* QRCodeScannerViewController.swift */ = {isa = PBXFileReference; lastKnownFileType = sourcecode.swift; path = QRCodeScannerViewController.swift; sourceTree = "<group>"; };
		A0285C0F1FEA0B2F001F82AD /* TransactionViewController.swift */ = {isa = PBXFileReference; lastKnownFileType = sourcecode.swift; path = TransactionViewController.swift; sourceTree = "<group>"; };
		A02F98891FEAFAA0007B83F1 /* AnyError.swift */ = {isa = PBXFileReference; lastKnownFileType = sourcecode.swift; path = AnyError.swift; sourceTree = "<group>"; };
		A02F988E1FEB00ED007B83F1 /* ApplicationStorage.swift */ = {isa = PBXFileReference; lastKnownFileType = sourcecode.swift; path = ApplicationStorage.swift; sourceTree = "<group>"; };
		A02F98911FEB432E007B83F1 /* PermissionService.swift */ = {isa = PBXFileReference; lastKnownFileType = sourcecode.swift; path = PermissionService.swift; sourceTree = "<group>"; };
		A02F98931FEB4543007B83F1 /* ApplicationState.swift */ = {isa = PBXFileReference; lastKnownFileType = sourcecode.swift; path = ApplicationState.swift; sourceTree = "<group>"; };
		A02F98971FEB5E91007B83F1 /* Organization.swift */ = {isa = PBXFileReference; lastKnownFileType = sourcecode.swift; path = Organization.swift; sourceTree = "<group>"; };
		A02F98991FEB5EA1007B83F1 /* Event.swift */ = {isa = PBXFileReference; lastKnownFileType = sourcecode.swift; path = Event.swift; sourceTree = "<group>"; };
		A02F989B1FEB5EB2007B83F1 /* Item.swift */ = {isa = PBXFileReference; lastKnownFileType = sourcecode.swift; path = Item.swift; sourceTree = "<group>"; };
		A02F989D1FEB5ED1007B83F1 /* OrganizationService.swift */ = {isa = PBXFileReference; lastKnownFileType = sourcecode.swift; path = OrganizationService.swift; sourceTree = "<group>"; };
		A02F989F1FEB5F04007B83F1 /* OrganizationTree.swift */ = {isa = PBXFileReference; lastKnownFileType = sourcecode.swift; path = OrganizationTree.swift; sourceTree = "<group>"; };
		A06B41421FF6DED60032D619 /* jivecakeios.app */ = {isa = PBXFileReference; explicitFileType = wrapper.application; includeInIndex = 0; path = jivecakeios.app; sourceTree = BUILT_PRODUCTS_DIR; };
		A06B41431FF6DED60032D619 /* jivecakeiosTest.xctest */ = {isa = PBXFileReference; explicitFileType = wrapper.cfbundle; includeInIndex = 0; path = jivecakeiosTest.xctest; sourceTree = BUILT_PRODUCTS_DIR; };
		A0738A251FF4971C005E063E /* JsonMappingService.swift */ = {isa = PBXFileReference; lastKnownFileType = sourcecode.swift; path = JsonMappingService.swift; sourceTree = "<group>"; };
		A09CC97F1FF55BCE004C138F /* PaymentProfile.swift */ = {isa = PBXFileReference; lastKnownFileType = sourcecode.swift; path = PaymentProfile.swift; sourceTree = "<group>"; };
		A09CC9811FF5659B004C138F /* UserData.swift */ = {isa = PBXFileReference; lastKnownFileType = sourcecode.swift; path = UserData.swift; sourceTree = "<group>"; };
		A09CC9831FF56E65004C138F /* ItemCountAmount.swift */ = {isa = PBXFileReference; lastKnownFileType = sourcecode.swift; path = ItemCountAmount.swift; sourceTree = "<group>"; };
		A09CC9851FF56EBC004C138F /* ItemTimeAmount.swift */ = {isa = PBXFileReference; lastKnownFileType = sourcecode.swift; path = ItemTimeAmount.swift; sourceTree = "<group>"; };
		A0BD6E3C1FF82CDC00DD98F8 /* TransactionRow.swift */ = {isa = PBXFileReference; lastKnownFileType = sourcecode.swift; path = TransactionRow.swift; sourceTree = "<group>"; };
		A0BD6E3E1FF82D4700DD98F8 /* TransactionService.swift */ = {isa = PBXFileReference; lastKnownFileType = sourcecode.swift; path = TransactionService.swift; sourceTree = "<group>"; };
		A0BD6E411FF8350000DD98F8 /* TransactionRowTableCell.swift */ = {isa = PBXFileReference; lastKnownFileType = sourcecode.swift; path = TransactionRowTableCell.swift; sourceTree = "<group>"; };
		A0CCC9EE1FE9F8EA003B185B /* AppDelegate.swift */ = {isa = PBXFileReference; lastKnownFileType = sourcecode.swift; path = AppDelegate.swift; sourceTree = "<group>"; };
		A0CCC9F01FE9F8EA003B185B /* AuthenticationViewController.swift */ = {isa = PBXFileReference; lastKnownFileType = sourcecode.swift; path = AuthenticationViewController.swift; sourceTree = "<group>"; };
		A0CCC9F31FE9F8EA003B185B /* Base */ = {isa = PBXFileReference; lastKnownFileType = file.storyboard; name = Base; path = Base.lproj/Main.storyboard; sourceTree = "<group>"; };
		A0CCC9F51FE9F8EA003B185B /* Assets.xcassets */ = {isa = PBXFileReference; lastKnownFileType = folder.assetcatalog; path = Assets.xcassets; sourceTree = "<group>"; };
		A0CCC9F81FE9F8EA003B185B /* Base */ = {isa = PBXFileReference; lastKnownFileType = file.storyboard; name = Base; path = Base.lproj/LaunchScreen.storyboard; sourceTree = "<group>"; };
		A0CCC9FA1FE9F8EA003B185B /* Info.plist */ = {isa = PBXFileReference; lastKnownFileType = text.plist.xml; path = Info.plist; sourceTree = "<group>"; };
/* End PBXFileReference section */

/* Begin PBXFrameworksBuildPhase section */
		A02859411FED9A6400F3CB5B /* Frameworks */ = {
			isa = PBXFrameworksBuildPhase;
			buildActionMask = 2147483647;
			files = (
			);
			runOnlyForDeploymentPostprocessing = 0;
		};
		A0CCC9E81FE9F8EA003B185B /* Frameworks */ = {
			isa = PBXFrameworksBuildPhase;
			buildActionMask = 2147483647;
			files = (
				51418624D35294AB6862E73C /* Pods_jivecakeios.framework in Frameworks */,
			);
			runOnlyForDeploymentPostprocessing = 0;
		};
/* End PBXFrameworksBuildPhase section */

/* Begin PBXGroup section */
		457F6F379B1F3B4CAD459B6F /* Pods */ = {
			isa = PBXGroup;
			children = (
				373E93107901920BA5572202 /* Pods-jivecakeios.debug.xcconfig */,
				92AED33B17305052994987B1 /* Pods-jivecakeios.release.xcconfig */,
			);
			name = Pods;
			sourceTree = "<group>";
		};
		7D2806CCCCCF25372918A2B8 /* Frameworks */ = {
			isa = PBXGroup;
			children = (
				3EE08AA7665093BE5F1DF47D /* Pods_jivecakeios.framework */,
			);
			name = Frameworks;
			sourceTree = "<group>";
		};
		A028593F1FED97CB00F3CB5B /* controller */ = {
			isa = PBXGroup;
			children = (
				A0CCC9F01FE9F8EA003B185B /* AuthenticationViewController.swift */,
				A0285C0D1FEA0A19001F82AD /* QRCodeScannerViewController.swift */,
				A0285C0F1FEA0B2F001F82AD /* TransactionViewController.swift */,
			);
			path = controller;
			sourceTree = "<group>";
		};
		A02F988D1FEB0054007B83F1 /* model */ = {
			isa = PBXGroup;
			children = (
				A02F98891FEAFAA0007B83F1 /* AnyError.swift */,
				A02F988E1FEB00ED007B83F1 /* ApplicationStorage.swift */,
				A01DEAB21FF99A7C00FE6922 /* EntityAsset.swift */,
				A02F98991FEB5EA1007B83F1 /* Event.swift */,
				A02F989B1FEB5EB2007B83F1 /* Item.swift */,
				A09CC9831FF56E65004C138F /* ItemCountAmount.swift */,
				A09CC9851FF56EBC004C138F /* ItemTimeAmount.swift */,
				A02F98971FEB5E91007B83F1 /* Organization.swift */,
				A02F989F1FEB5F04007B83F1 /* OrganizationTree.swift */,
				A09CC97F1FF55BCE004C138F /* PaymentProfile.swift */,
				A01C5FDF1FEABC89008584B6 /* Permission.swift */,
				A01C5FDD1FEABAEA008584B6 /* Transaction.swift */,
				A09CC9811FF5659B004C138F /* UserData.swift */,
				A0BD6E3C1FF82CDC00DD98F8 /* TransactionRow.swift */,
			);
			path = model;
			sourceTree = "<group>";
		};
		A02F98901FEB4311007B83F1 /* service */ = {
			isa = PBXGroup;
			children = (
				A02F98911FEB432E007B83F1 /* PermissionService.swift */,
				A02F989D1FEB5ED1007B83F1 /* OrganizationService.swift */,
				A0738A251FF4971C005E063E /* JsonMappingService.swift */,
				A0BD6E3E1FF82D4700DD98F8 /* TransactionService.swift */,
			);
			path = service;
			sourceTree = "<group>";
		};
		A0BD6E401FF834CE00DD98F8 /* ui */ = {
			isa = PBXGroup;
			children = (
				A0BD6E411FF8350000DD98F8 /* TransactionRowTableCell.swift */,
			);
			path = ui;
			sourceTree = "<group>";
		};
		A0CCC9E21FE9F8EA003B185B = {
			isa = PBXGroup;
			children = (
				A0CCC9ED1FE9F8EA003B185B /* jivecakeios */,
				457F6F379B1F3B4CAD459B6F /* Pods */,
				7D2806CCCCCF25372918A2B8 /* Frameworks */,
				A06B41421FF6DED60032D619 /* jivecakeios.app */,
				A06B41431FF6DED60032D619 /* jivecakeiosTest.xctest */,
			);
			sourceTree = "<group>";
		};
		A0CCC9ED1FE9F8EA003B185B /* jivecakeios */ = {
			isa = PBXGroup;
			children = (
				A0BD6E401FF834CE00DD98F8 /* ui */,
				A028593F1FED97CB00F3CB5B /* controller */,
				A02F98901FEB4311007B83F1 /* service */,
				A02F988D1FEB0054007B83F1 /* model */,
				A0CCC9F21FE9F8EA003B185B /* Main.storyboard */,
				A0CCC9EE1FE9F8EA003B185B /* AppDelegate.swift */,
				A02F98931FEB4543007B83F1 /* ApplicationState.swift */,
				A0CCC9F51FE9F8EA003B185B /* Assets.xcassets */,
				A0CCC9F71FE9F8EA003B185B /* LaunchScreen.storyboard */,
				A0CCC9FA1FE9F8EA003B185B /* Info.plist */,
				A0285C0B1FE9FF7D001F82AD /* Auth0.plist */,
			);
			path = jivecakeios;
			sourceTree = "<group>";
		};
/* End PBXGroup section */

/* Begin PBXNativeTarget section */
		A02859431FED9A6400F3CB5B /* jivecakeiosTest */ = {
			isa = PBXNativeTarget;
			buildConfigurationList = A028594B1FED9A6400F3CB5B /* Build configuration list for PBXNativeTarget "jivecakeiosTest" */;
			buildPhases = (
				A02859401FED9A6400F3CB5B /* Sources */,
				A02859411FED9A6400F3CB5B /* Frameworks */,
				A02859421FED9A6400F3CB5B /* Resources */,
			);
			buildRules = (
			);
			dependencies = (
				A028594A1FED9A6400F3CB5B /* PBXTargetDependency */,
			);
			name = jivecakeiosTest;
			productName = jivecakeiosTest;
			productReference = A06B41431FF6DED60032D619 /* jivecakeiosTest.xctest */;
			productType = "com.apple.product-type.bundle.unit-test";
		};
		A0CCC9EA1FE9F8EA003B185B /* jivecakeios */ = {
			isa = PBXNativeTarget;
			buildConfigurationList = A0CCC9FD1FE9F8EA003B185B /* Build configuration list for PBXNativeTarget "jivecakeios" */;
			buildPhases = (
				7E6CD6FE050ECA104DB4C927 /* [CP] Check Pods Manifest.lock */,
				A0CCC9E71FE9F8EA003B185B /* Sources */,
				A0CCC9E81FE9F8EA003B185B /* Frameworks */,
				A0CCC9E91FE9F8EA003B185B /* Resources */,
				340A14C11F38BB115B43E2A4 /* [CP] Embed Pods Frameworks */,
				73D068D2150EF29EEA28ABFE /* [CP] Copy Pods Resources */,
			);
			buildRules = (
			);
			dependencies = (
			);
			name = jivecakeios;
			productName = jivecakeios;
			productReference = A06B41421FF6DED60032D619 /* jivecakeios.app */;
			productType = "com.apple.product-type.application";
		};
/* End PBXNativeTarget section */

/* Begin PBXProject section */
		A0CCC9E31FE9F8EA003B185B /* Project object */ = {
			isa = PBXProject;
			attributes = {
				LastSwiftUpdateCheck = 0920;
				LastUpgradeCheck = 0920;
				ORGANIZATIONNAME = troisio;
				TargetAttributes = {
					A02859431FED9A6400F3CB5B = {
						CreatedOnToolsVersion = 9.2;
						ProvisioningStyle = Automatic;
						TestTargetID = A0CCC9EA1FE9F8EA003B185B;
					};
					A0CCC9EA1FE9F8EA003B185B = {
						CreatedOnToolsVersion = 9.2;
						ProvisioningStyle = Automatic;
					};
				};
			};
			buildConfigurationList = A0CCC9E61FE9F8EA003B185B /* Build configuration list for PBXProject "jivecakeios" */;
			compatibilityVersion = "Xcode 8.0";
			developmentRegion = en;
			hasScannedForEncodings = 0;
			knownRegions = (
				en,
				Base,
			);
			mainGroup = A0CCC9E21FE9F8EA003B185B;
			productRefGroup = A0CCC9E21FE9F8EA003B185B;
			projectDirPath = "";
			projectRoot = "";
			targets = (
				A0CCC9EA1FE9F8EA003B185B /* jivecakeios */,
				A02859431FED9A6400F3CB5B /* jivecakeiosTest */,
			);
		};
/* End PBXProject section */

/* Begin PBXResourcesBuildPhase section */
		A02859421FED9A6400F3CB5B /* Resources */ = {
			isa = PBXResourcesBuildPhase;
			buildActionMask = 2147483647;
			files = (
			);
			runOnlyForDeploymentPostprocessing = 0;
		};
		A0CCC9E91FE9F8EA003B185B /* Resources */ = {
			isa = PBXResourcesBuildPhase;
			buildActionMask = 2147483647;
			files = (
				A0CCC9F91FE9F8EA003B185B /* LaunchScreen.storyboard in Resources */,
				A0CCC9F61FE9F8EA003B185B /* Assets.xcassets in Resources */,
				A0CCC9F41FE9F8EA003B185B /* Main.storyboard in Resources */,
				A0285C0C1FE9FF7D001F82AD /* Auth0.plist in Resources */,
			);
			runOnlyForDeploymentPostprocessing = 0;
		};
/* End PBXResourcesBuildPhase section */

/* Begin PBXShellScriptBuildPhase section */
		340A14C11F38BB115B43E2A4 /* [CP] Embed Pods Frameworks */ = {
			isa = PBXShellScriptBuildPhase;
			buildActionMask = 2147483647;
			files = (
			);
			inputPaths = (
			);
			name = "[CP] Embed Pods Frameworks";
			outputPaths = (
			);
			runOnlyForDeploymentPostprocessing = 0;
			shellPath = /bin/sh;
			shellScript = "\"${SRCROOT}/Pods/Target Support Files/Pods-jivecakeios/Pods-jivecakeios-frameworks.sh\"\n";
			showEnvVarsInLog = 0;
		};
		73D068D2150EF29EEA28ABFE /* [CP] Copy Pods Resources */ = {
			isa = PBXShellScriptBuildPhase;
			buildActionMask = 2147483647;
			files = (
			);
			inputPaths = (
			);
			name = "[CP] Copy Pods Resources";
			outputPaths = (
			);
			runOnlyForDeploymentPostprocessing = 0;
			shellPath = /bin/sh;
			shellScript = "\"${SRCROOT}/Pods/Target Support Files/Pods-jivecakeios/Pods-jivecakeios-resources.sh\"\n";
			showEnvVarsInLog = 0;
		};
		7E6CD6FE050ECA104DB4C927 /* [CP] Check Pods Manifest.lock */ = {
			isa = PBXShellScriptBuildPhase;
			buildActionMask = 2147483647;
			files = (
			);
			inputPaths = (
			);
			name = "[CP] Check Pods Manifest.lock";
			outputPaths = (
			);
			runOnlyForDeploymentPostprocessing = 0;
			shellPath = /bin/sh;
			shellScript = "diff \"${PODS_ROOT}/../Podfile.lock\" \"${PODS_ROOT}/Manifest.lock\" > /dev/null\nif [ $? != 0 ] ; then\n    # print error to STDERR\n    echo \"error: The sandbox is not in sync with the Podfile.lock. Run 'pod install' or update your CocoaPods installation.\" >&2\n    exit 1\nfi\n";
			showEnvVarsInLog = 0;
		};
/* End PBXShellScriptBuildPhase section */

/* Begin PBXSourcesBuildPhase section */
		A02859401FED9A6400F3CB5B /* Sources */ = {
			isa = PBXSourcesBuildPhase;
			buildActionMask = 2147483647;
			files = (
			);
			runOnlyForDeploymentPostprocessing = 0;
		};
		A0CCC9E71FE9F8EA003B185B /* Sources */ = {
			isa = PBXSourcesBuildPhase;
			buildActionMask = 2147483647;
			files = (
				A09CC9801FF55BCF004C138F /* PaymentProfile.swift in Sources */,
				A0738A261FF4971C005E063E /* JsonMappingService.swift in Sources */,
				A0CCC9F11FE9F8EA003B185B /* AuthenticationViewController.swift in Sources */,
				A09CC9821FF5659C004C138F /* UserData.swift in Sources */,
				A02F98981FEB5E91007B83F1 /* Organization.swift in Sources */,
				A02F988F1FEB00ED007B83F1 /* ApplicationStorage.swift in Sources */,
				A02F98A01FEB5F04007B83F1 /* OrganizationTree.swift in Sources */,
				A0BD6E3D1FF82CDC00DD98F8 /* TransactionRow.swift in Sources */,
				A0CCC9EF1FE9F8EA003B185B /* AppDelegate.swift in Sources */,
				A02F988A1FEAFAA0007B83F1 /* AnyError.swift in Sources */,
				A01C5FE01FEABC89008584B6 /* Permission.swift in Sources */,
				A02F98941FEB4543007B83F1 /* ApplicationState.swift in Sources */,
				A0285C0E1FEA0A19001F82AD /* QRCodeScannerViewController.swift in Sources */,
				A0BD6E421FF8350000DD98F8 /* TransactionRowTableCell.swift in Sources */,
				A02F989E1FEB5ED1007B83F1 /* OrganizationService.swift in Sources */,
				A02F989C1FEB5EB2007B83F1 /* Item.swift in Sources */,
				A0285C101FEA0B2F001F82AD /* TransactionViewController.swift in Sources */,
				A02F98921FEB432E007B83F1 /* PermissionService.swift in Sources */,
				A09CC9861FF56EBC004C138F /* ItemTimeAmount.swift in Sources */,
				A09CC9841FF56E65004C138F /* ItemCountAmount.swift in Sources */,
				A02F989A1FEB5EA1007B83F1 /* Event.swift in Sources */,
				A01DEAB31FF99A7C00FE6922 /* EntityAsset.swift in Sources */,
				A01C5FDE1FEABAEA008584B6 /* Transaction.swift in Sources */,
				A0BD6E3F1FF82D4700DD98F8 /* TransactionService.swift in Sources */,
			);
			runOnlyForDeploymentPostprocessing = 0;
		};
/* End PBXSourcesBuildPhase section */

/* Begin PBXTargetDependency section */
		A028594A1FED9A6400F3CB5B /* PBXTargetDependency */ = {
			isa = PBXTargetDependency;
			target = A0CCC9EA1FE9F8EA003B185B /* jivecakeios */;
			targetProxy = A02859491FED9A6400F3CB5B /* PBXContainerItemProxy */;
		};
/* End PBXTargetDependency section */

/* Begin PBXVariantGroup section */
		A0CCC9F21FE9F8EA003B185B /* Main.storyboard */ = {
			isa = PBXVariantGroup;
			children = (
				A0CCC9F31FE9F8EA003B185B /* Base */,
			);
			name = Main.storyboard;
			sourceTree = "<group>";
		};
		A0CCC9F71FE9F8EA003B185B /* LaunchScreen.storyboard */ = {
			isa = PBXVariantGroup;
			children = (
				A0CCC9F81FE9F8EA003B185B /* Base */,
			);
			name = LaunchScreen.storyboard;
			sourceTree = "<group>";
		};
/* End PBXVariantGroup section */

/* Begin XCBuildConfiguration section */
		A028594C1FED9A6400F3CB5B /* Debug */ = {
			isa = XCBuildConfiguration;
			buildSettings = {
				BUNDLE_LOADER = "$(TEST_HOST)";
				CODE_SIGN_STYLE = Automatic;
				DEVELOPMENT_TEAM = 5V6SFZBP9M;
				INFOPLIST_FILE = jivecakeiosTest/Info.plist;
				LD_RUNPATH_SEARCH_PATHS = "$(inherited) @executable_path/Frameworks @loader_path/Frameworks";
				PRODUCT_BUNDLE_IDENTIFIER = troisio.jivecakeiosTest;
				PRODUCT_NAME = "$(TARGET_NAME)";
				SWIFT_VERSION = 4.0;
				TARGETED_DEVICE_FAMILY = "1,2";
				TEST_HOST = "$(BUILT_PRODUCTS_DIR)/jivecakeios.app/jivecakeios";
			};
			name = Debug;
		};
		A028594D1FED9A6400F3CB5B /* Release */ = {
			isa = XCBuildConfiguration;
			buildSettings = {
				BUNDLE_LOADER = "$(TEST_HOST)";
				CODE_SIGN_STYLE = Automatic;
				DEVELOPMENT_TEAM = 5V6SFZBP9M;
				INFOPLIST_FILE = jivecakeiosTest/Info.plist;
				LD_RUNPATH_SEARCH_PATHS = "$(inherited) @executable_path/Frameworks @loader_path/Frameworks";
				PRODUCT_BUNDLE_IDENTIFIER = troisio.jivecakeiosTest;
				PRODUCT_NAME = "$(TARGET_NAME)";
				SWIFT_VERSION = 4.0;
				TARGETED_DEVICE_FAMILY = "1,2";
				TEST_HOST = "$(BUILT_PRODUCTS_DIR)/jivecakeios.app/jivecakeios";
			};
			name = Release;
		};
		A0CCC9FB1FE9F8EA003B185B /* Debug */ = {
			isa = XCBuildConfiguration;
			buildSettings = {
				ALWAYS_SEARCH_USER_PATHS = NO;
				CLANG_ANALYZER_NONNULL = YES;
				CLANG_ANALYZER_NUMBER_OBJECT_CONVERSION = YES_AGGRESSIVE;
				CLANG_CXX_LANGUAGE_STANDARD = "gnu++14";
				CLANG_CXX_LIBRARY = "libc++";
				CLANG_ENABLE_MODULES = YES;
				CLANG_ENABLE_OBJC_ARC = YES;
				CLANG_WARN_BLOCK_CAPTURE_AUTORELEASING = YES;
				CLANG_WARN_BOOL_CONVERSION = YES;
				CLANG_WARN_COMMA = YES;
				CLANG_WARN_CONSTANT_CONVERSION = YES;
				CLANG_WARN_DIRECT_OBJC_ISA_USAGE = YES_ERROR;
				CLANG_WARN_DOCUMENTATION_COMMENTS = YES;
				CLANG_WARN_EMPTY_BODY = YES;
				CLANG_WARN_ENUM_CONVERSION = YES;
				CLANG_WARN_INFINITE_RECURSION = YES;
				CLANG_WARN_INT_CONVERSION = YES;
				CLANG_WARN_NON_LITERAL_NULL_CONVERSION = YES;
				CLANG_WARN_OBJC_LITERAL_CONVERSION = YES;
				CLANG_WARN_OBJC_ROOT_CLASS = YES_ERROR;
				CLANG_WARN_RANGE_LOOP_ANALYSIS = YES;
				CLANG_WARN_STRICT_PROTOTYPES = YES;
				CLANG_WARN_SUSPICIOUS_MOVE = YES;
				CLANG_WARN_UNGUARDED_AVAILABILITY = YES_AGGRESSIVE;
				CLANG_WARN_UNREACHABLE_CODE = YES;
				CLANG_WARN__DUPLICATE_METHOD_MATCH = YES;
				CODE_SIGN_IDENTITY = "iPhone Developer";
				COPY_PHASE_STRIP = NO;
				DEBUG_INFORMATION_FORMAT = dwarf;
				ENABLE_STRICT_OBJC_MSGSEND = YES;
				ENABLE_TESTABILITY = YES;
				GCC_C_LANGUAGE_STANDARD = gnu11;
				GCC_DYNAMIC_NO_PIC = NO;
				GCC_NO_COMMON_BLOCKS = YES;
				GCC_OPTIMIZATION_LEVEL = 0;
				GCC_PREPROCESSOR_DEFINITIONS = (
					"DEBUG=1",
					"$(inherited)",
				);
				GCC_WARN_64_TO_32_BIT_CONVERSION = YES;
				GCC_WARN_ABOUT_RETURN_TYPE = YES_ERROR;
				GCC_WARN_UNDECLARED_SELECTOR = YES;
				GCC_WARN_UNINITIALIZED_AUTOS = YES_AGGRESSIVE;
				GCC_WARN_UNUSED_FUNCTION = YES;
				GCC_WARN_UNUSED_VARIABLE = YES;
				IPHONEOS_DEPLOYMENT_TARGET = 11.2;
				MTL_ENABLE_DEBUG_INFO = YES;
				ONLY_ACTIVE_ARCH = YES;
				SDKROOT = iphoneos;
				SWIFT_ACTIVE_COMPILATION_CONDITIONS = DEBUG;
				SWIFT_OPTIMIZATION_LEVEL = "-Onone";
			};
			name = Debug;
		};
		A0CCC9FC1FE9F8EA003B185B /* Release */ = {
			isa = XCBuildConfiguration;
			buildSettings = {
				ALWAYS_SEARCH_USER_PATHS = NO;
				CLANG_ANALYZER_NONNULL = YES;
				CLANG_ANALYZER_NUMBER_OBJECT_CONVERSION = YES_AGGRESSIVE;
				CLANG_CXX_LANGUAGE_STANDARD = "gnu++14";
				CLANG_CXX_LIBRARY = "libc++";
				CLANG_ENABLE_MODULES = YES;
				CLANG_ENABLE_OBJC_ARC = YES;
				CLANG_WARN_BLOCK_CAPTURE_AUTORELEASING = YES;
				CLANG_WARN_BOOL_CONVERSION = YES;
				CLANG_WARN_COMMA = YES;
				CLANG_WARN_CONSTANT_CONVERSION = YES;
				CLANG_WARN_DIRECT_OBJC_ISA_USAGE = YES_ERROR;
				CLANG_WARN_DOCUMENTATION_COMMENTS = YES;
				CLANG_WARN_EMPTY_BODY = YES;
				CLANG_WARN_ENUM_CONVERSION = YES;
				CLANG_WARN_INFINITE_RECURSION = YES;
				CLANG_WARN_INT_CONVERSION = YES;
				CLANG_WARN_NON_LITERAL_NULL_CONVERSION = YES;
				CLANG_WARN_OBJC_LITERAL_CONVERSION = YES;
				CLANG_WARN_OBJC_ROOT_CLASS = YES_ERROR;
				CLANG_WARN_RANGE_LOOP_ANALYSIS = YES;
				CLANG_WARN_STRICT_PROTOTYPES = YES;
				CLANG_WARN_SUSPICIOUS_MOVE = YES;
				CLANG_WARN_UNGUARDED_AVAILABILITY = YES_AGGRESSIVE;
				CLANG_WARN_UNREACHABLE_CODE = YES;
				CLANG_WARN__DUPLICATE_METHOD_MATCH = YES;
				CODE_SIGN_IDENTITY = "iPhone Developer";
				COPY_PHASE_STRIP = NO;
				DEBUG_INFORMATION_FORMAT = "dwarf-with-dsym";
				ENABLE_NS_ASSERTIONS = NO;
				ENABLE_STRICT_OBJC_MSGSEND = YES;
				GCC_C_LANGUAGE_STANDARD = gnu11;
				GCC_NO_COMMON_BLOCKS = YES;
				GCC_WARN_64_TO_32_BIT_CONVERSION = YES;
				GCC_WARN_ABOUT_RETURN_TYPE = YES_ERROR;
				GCC_WARN_UNDECLARED_SELECTOR = YES;
				GCC_WARN_UNINITIALIZED_AUTOS = YES_AGGRESSIVE;
				GCC_WARN_UNUSED_FUNCTION = YES;
				GCC_WARN_UNUSED_VARIABLE = YES;
				IPHONEOS_DEPLOYMENT_TARGET = 11.2;
				MTL_ENABLE_DEBUG_INFO = NO;
				SDKROOT = iphoneos;
				SWIFT_OPTIMIZATION_LEVEL = "-Owholemodule";
				VALIDATE_PRODUCT = YES;
			};
			name = Release;
		};
		A0CCC9FE1FE9F8EA003B185B /* Debug */ = {
			isa = XCBuildConfiguration;
			baseConfigurationReference = 373E93107901920BA5572202 /* Pods-jivecakeios.debug.xcconfig */;
			buildSettings = {
				ASSETCATALOG_COMPILER_APPICON_NAME = AppIcon;
				CODE_SIGN_STYLE = Automatic;
				DEVELOPMENT_TEAM = 5V6SFZBP9M;
				INFOPLIST_FILE = jivecakeios/Info.plist;
				LD_RUNPATH_SEARCH_PATHS = "$(inherited) @executable_path/Frameworks";
				PRODUCT_BUNDLE_IDENTIFIER = troisio.jivecakeios;
				PRODUCT_NAME = "$(TARGET_NAME)";
				SWIFT_VERSION = 4.0;
				TARGETED_DEVICE_FAMILY = "1,2";
			};
			name = Debug;
		};
		A0CCC9FF1FE9F8EA003B185B /* Release */ = {
			isa = XCBuildConfiguration;
			baseConfigurationReference = 92AED33B17305052994987B1 /* Pods-jivecakeios.release.xcconfig */;
			buildSettings = {
				ASSETCATALOG_COMPILER_APPICON_NAME = AppIcon;
				CODE_SIGN_STYLE = Automatic;
				DEVELOPMENT_TEAM = 5V6SFZBP9M;
				INFOPLIST_FILE = jivecakeios/Info.plist;
				LD_RUNPATH_SEARCH_PATHS = "$(inherited) @executable_path/Frameworks";
				PRODUCT_BUNDLE_IDENTIFIER = troisio.jivecakeios;
				PRODUCT_NAME = "$(TARGET_NAME)";
				SWIFT_VERSION = 4.0;
				TARGETED_DEVICE_FAMILY = "1,2";
			};
			name = Release;
		};
/* End XCBuildConfiguration section */

/* Begin XCConfigurationList section */
		A028594B1FED9A6400F3CB5B /* Build configuration list for PBXNativeTarget "jivecakeiosTest" */ = {
			isa = XCConfigurationList;
			buildConfigurations = (
				A028594C1FED9A6400F3CB5B /* Debug */,
				A028594D1FED9A6400F3CB5B /* Release */,
			);
			defaultConfigurationIsVisible = 0;
			defaultConfigurationName = Release;
		};
		A0CCC9E61FE9F8EA003B185B /* Build configuration list for PBXProject "jivecakeios" */ = {
			isa = XCConfigurationList;
			buildConfigurations = (
				A0CCC9FB1FE9F8EA003B185B /* Debug */,
				A0CCC9FC1FE9F8EA003B185B /* Release */,
			);
			defaultConfigurationIsVisible = 0;
			defaultConfigurationName = Release;
		};
		A0CCC9FD1FE9F8EA003B185B /* Build configuration list for PBXNativeTarget "jivecakeios" */ = {
			isa = XCConfigurationList;
			buildConfigurations = (
				A0CCC9FE1FE9F8EA003B185B /* Debug */,
				A0CCC9FF1FE9F8EA003B185B /* Release */,
			);
			defaultConfigurationIsVisible = 0;
			defaultConfigurationName = Release;
		};
/* End XCConfigurationList section */
	};
	rootObject = A0CCC9E31FE9F8EA003B185B /* Project object */;
}
